
Microsoft Visual Studio Solution File, Format Version 12.00
# Visual Studio Version 17
VisualStudioVersion = 17.10.35013.160
MinimumVisualStudioVersion = 10.0.40219.1
Project("{9A19103F-16F7-4668-BE54-9A1E7A4F7556}") = "spa.server", "src\spa.server.csproj", "{349B9449-79BA-4067-965B-F9AB36BB5DC8}"
EndProject
Global
	GlobalSection(SolutionConfigurationPlatforms) = preSolution
		Debug|Any CPU = Debug|Any CPU
		Release|Any CPU = Release|Any CPU
	EndGlobalSection
	GlobalSection(ProjectConfigurationPlatforms) = postSolution
		{349B9449-79BA-4067-965B-F9AB36BB5DC8}.Debug|Any CPU.ActiveCfg = Debug|Any CPU
		{349B9449-79BA-4067-965B-F9AB36BB5DC8}.Debug|Any CPU.Build.0 = Debug|Any CPU
		{349B9449-79BA-4067-965B-F9AB36BB5DC8}.Release|Any CPU.ActiveCfg = Release|Any CPU
		{349B9449-79BA-4067-965B-F9AB36BB5DC8}.Release|Any CPU.Build.0 = Release|Any CPU
	EndGlobalSection
	GlobalSection(SolutionProperties) = preSolution
		HideSolutionNode = FALSE
	EndGlobalSection
	GlobalSection(ExtensibilityGlobals) = postSolution
		SolutionGuid = {22F5C595-C68A-4A98-82E3-C7A8647F8EEC}
	EndGlobalSection
EndGlobal
